
Microsoft Visual Studio Solution File, Format Version 12.00
# Visual Studio Version 16
VisualStudioVersion = 16.0.30413.136
MinimumVisualStudioVersion = 10.0.40219.1
Project("{888888A0-9F3D-457C-B088-3A5042F75D52}") = "quadratic equations", "quadratic equations.pyproj", "{F99F7701-1D93-4186-8852-C69281D93172}"
EndProject
Global
	GlobalSection(SolutionConfigurationPlatforms) = preSolution
		Debug|Any CPU = Debug|Any CPU
		Release|Any CPU = Release|Any CPU
	EndGlobalSection
	GlobalSection(ProjectConfigurationPlatforms) = postSolution
		{F99F7701-1D93-4186-8852-C69281D93172}.Debug|Any CPU.ActiveCfg = Debug|Any CPU
		{F99F7701-1D93-4186-8852-C69281D93172}.Release|Any CPU.ActiveCfg = Release|Any CPU
	EndGlobalSection
	GlobalSection(SolutionProperties) = preSolution
		HideSolutionNode = FALSE
	EndGlobalSection
	GlobalSection(ExtensibilityGlobals) = postSolution
		SolutionGuid = {5E6A18A0-0ABB-4FDB-ABE9-B305C4416CA5}
	EndGlobalSection
EndGlobal
